{
  "name": "@ultrapacer/core",
  "version": "0.0.0",
  "lockfileVersion": 2,
  "requires": true,
  "packages": {
    "": {
      "name": "@ultrapacer/core",
      "version": "0.0.0",
      "dependencies": {
        "sgeo": "^0.0.6",
        "suncalc": "^1.9.0"
      }
    },
    "node_modules/sgeo": {
      "version": "0.0.6",
      "resolved": "https://registry.npmjs.org/sgeo/-/sgeo-0.0.6.tgz",
      "integrity": "sha512-gB6GuMZHcoLTqbSLJGpQFuRqxHqOrFr6gVY4vZt8Um6Xt0PSqVKQEI5Pooq1OhgVdV4StOOZFnNpqUDxL11Kzw=="
    },
    "node_modules/suncalc": {
      "version": "1.9.0",
      "resolved": "https://registry.npmjs.org/suncalc/-/suncalc-1.9.0.tgz",
      "integrity": "sha512-vMJ8Byp1uIPoj+wb9c1AdK4jpkSKVAywgHX0lqY7zt6+EWRRC3Z+0Ucfjy/0yxTVO1hwwchZe4uoFNqrIC24+A=="
    }
  },
  "dependencies": {
    "sgeo": {
      "version": "0.0.6",
      "resolved": "https://registry.npmjs.org/sgeo/-/sgeo-0.0.6.tgz",
      "integrity": "sha512-gB6GuMZHcoLTqbSLJGpQFuRqxHqOrFr6gVY4vZt8Um6Xt0PSqVKQEI5Pooq1OhgVdV4StOOZFnNpqUDxL11Kzw=="
    },
    "suncalc": {
      "version": "1.9.0",
      "resolved": "https://registry.npmjs.org/suncalc/-/suncalc-1.9.0.tgz",
      "integrity": "sha512-vMJ8Byp1uIPoj+wb9c1AdK4jpkSKVAywgHX0lqY7zt6+EWRRC3Z+0Ucfjy/0yxTVO1hwwchZe4uoFNqrIC24+A=="
    }
  }
}
